{
  "version": 4,
  "terraform_version": "1.1.9",
  "serial": 9,
  "lineage": "02866856-6edd-4596-2aea-98c9d1f79022",
  "outputs": {},
  "resources": [
    {
      "mode": "managed",
      "type": "google_compute_instance",
      "name": "default",
      "provider": "provider[\"registry.terraform.io/hashicorp/google\"]",
      "instances": [
        {
          "index_key": 0,
          "schema_version": 6,
          "attributes": {
            "advanced_machine_features": [],
            "allow_stopping_for_update": null,
            "attached_disk": [],
            "boot_disk": [
              {
                "auto_delete": true,
                "device_name": "persistent-disk-0",
                "disk_encryption_key_raw": "",
                "disk_encryption_key_sha256": "",
                "initialize_params": [
                  {
                    "image": "https://www.googleapis.com/compute/v1/projects/debian-cloud/global/images/debian-10-buster-v20220406",
                    "labels": {},
                    "size": 10,
                    "type": "pd-standard"
                  }
                ],
                "kms_key_self_link": "",
                "mode": "READ_WRITE",
                "source": "https://www.googleapis.com/compute/v1/projects/long-advice-346606/zones/us-east1-b/disks/instance-0"
              }
            ],
            "can_ip_forward": false,
            "confidential_instance_config": [],
            "cpu_platform": "Intel Broadwell",
            "current_status": "RUNNING",
            "deletion_protection": false,
            "description": "",
            "desired_status": null,
            "enable_display": false,
            "guest_accelerator": [],
            "hostname": "",
            "id": "projects/long-advice-346606/zones/us-east1-b/instances/instance-0",
            "instance_id": "7507265475485443367",
            "label_fingerprint": "42WmSpB8rSM=",
            "labels": {},
            "machine_type": "e2-micro",
            "metadata": {
              "foo": "bar"
            },
            "metadata_fingerprint": "WZDimceHIcM=",
            "metadata_startup_script": "echo hi \u003e /test.txt",
            "min_cpu_platform": "",
            "name": "instance-0",
            "network_interface": [
              {
                "access_config": [
                  {
                    "nat_ip": "35.229.48.35",
                    "network_tier": "PREMIUM",
                    "public_ptr_domain_name": ""
                  }
                ],
                "alias_ip_range": [],
                "ipv6_access_config": [],
                "ipv6_access_type": "",
                "name": "nic0",
                "network": "https://www.googleapis.com/compute/v1/projects/long-advice-346606/global/networks/default",
                "network_ip": "10.142.0.12",
                "nic_type": "",
                "queue_count": 0,
                "stack_type": "IPV4_ONLY",
                "subnetwork": "https://www.googleapis.com/compute/v1/projects/long-advice-346606/regions/us-east1/subnetworks/default",
                "subnetwork_project": "long-advice-346606"
              }
            ],
            "project": "long-advice-346606",
            "reservation_affinity": [],
            "resource_policies": [],
            "scheduling": [
              {
                "automatic_restart": true,
                "min_node_cpus": 0,
                "node_affinities": [],
                "on_host_maintenance": "MIGRATE",
                "preemptible": false,
                "provisioning_model": "STANDARD"
              }
            ],
            "scratch_disk": [],
            "self_link": "https://www.googleapis.com/compute/v1/projects/long-advice-346606/zones/us-east1-b/instances/instance-0",
            "service_account": [
              {
                "email": "os-config@long-advice-346606.iam.gserviceaccount.com",
                "scopes": [
                  "https://www.googleapis.com/auth/cloud-platform"
                ]
              }
            ],
            "shielded_instance_config": [
              {
                "enable_integrity_monitoring": true,
                "enable_secure_boot": false,
                "enable_vtpm": true
              }
            ],
            "tags": [],
            "tags_fingerprint": "42WmSpB8rSM=",
            "timeouts": null,
            "zone": "us-east1-b"
          },
          "sensitive_attributes": [],
          "private": "eyJlMmJmYjczMC1lY2FhLTExZTYtOGY4OC0zNDM2M2JjN2M0YzAiOnsiY3JlYXRlIjoxMjAwMDAwMDAwMDAwLCJkZWxldGUiOjEyMDAwMDAwMDAwMDAsInVwZGF0ZSI6MTIwMDAwMDAwMDAwMH0sInNjaGVtYV92ZXJzaW9uIjoiNiJ9"
        },
        {
          "index_key": 1,
          "schema_version": 6,
          "attributes": {
            "advanced_machine_features": [],
            "allow_stopping_for_update": null,
            "attached_disk": [],
            "boot_disk": [
              {
                "auto_delete": true,
                "device_name": "persistent-disk-0",
                "disk_encryption_key_raw": "",
                "disk_encryption_key_sha256": "",
                "initialize_params": [
                  {
                    "image": "https://www.googleapis.com/compute/v1/projects/debian-cloud/global/images/debian-10-buster-v20220406",
                    "labels": {},
                    "size": 10,
                    "type": "pd-standard"
                  }
                ],
                "kms_key_self_link": "",
                "mode": "READ_WRITE",
                "source": "https://www.googleapis.com/compute/v1/projects/long-advice-346606/zones/us-east1-b/disks/instance-1"
              }
            ],
            "can_ip_forward": false,
            "confidential_instance_config": [],
            "cpu_platform": "Intel Broadwell",
            "current_status": "RUNNING",
            "deletion_protection": false,
            "description": "",
            "desired_status": null,
            "enable_display": false,
            "guest_accelerator": [],
            "hostname": "",
            "id": "projects/long-advice-346606/zones/us-east1-b/instances/instance-1",
            "instance_id": "4910085913936995667",
            "label_fingerprint": "42WmSpB8rSM=",
            "labels": {},
            "machine_type": "e2-micro",
            "metadata": {
              "foo": "bar"
            },
            "metadata_fingerprint": "WZDimceHIcM=",
            "metadata_startup_script": "echo hi \u003e /test.txt",
            "min_cpu_platform": "",
            "name": "instance-1",
            "network_interface": [
              {
                "access_config": [
                  {
                    "nat_ip": "34.74.188.234",
                    "network_tier": "PREMIUM",
                    "public_ptr_domain_name": ""
                  }
                ],
                "alias_ip_range": [],
                "ipv6_access_config": [],
                "ipv6_access_type": "",
                "name": "nic0",
                "network": "https://www.googleapis.com/compute/v1/projects/long-advice-346606/global/networks/default",
                "network_ip": "10.142.0.11",
                "nic_type": "",
                "queue_count": 0,
                "stack_type": "IPV4_ONLY",
                "subnetwork": "https://www.googleapis.com/compute/v1/projects/long-advice-346606/regions/us-east1/subnetworks/default",
                "subnetwork_project": "long-advice-346606"
              }
            ],
            "project": "long-advice-346606",
            "reservation_affinity": [],
            "resource_policies": [],
            "scheduling": [
              {
                "automatic_restart": true,
                "min_node_cpus": 0,
                "node_affinities": [],
                "on_host_maintenance": "MIGRATE",
                "preemptible": false,
                "provisioning_model": "STANDARD"
              }
            ],
            "scratch_disk": [],
            "self_link": "https://www.googleapis.com/compute/v1/projects/long-advice-346606/zones/us-east1-b/instances/instance-1",
            "service_account": [
              {
                "email": "os-config@long-advice-346606.iam.gserviceaccount.com",
                "scopes": [
                  "https://www.googleapis.com/auth/cloud-platform"
                ]
              }
            ],
            "shielded_instance_config": [
              {
                "enable_integrity_monitoring": true,
                "enable_secure_boot": false,
                "enable_vtpm": true
              }
            ],
            "tags": [],
            "tags_fingerprint": "42WmSpB8rSM=",
            "timeouts": null,
            "zone": "us-east1-b"
          },
          "sensitive_attributes": [],
          "private": "eyJlMmJmYjczMC1lY2FhLTExZTYtOGY4OC0zNDM2M2JjN2M0YzAiOnsiY3JlYXRlIjoxMjAwMDAwMDAwMDAwLCJkZWxldGUiOjEyMDAwMDAwMDAwMDAsInVwZGF0ZSI6MTIwMDAwMDAwMDAwMH0sInNjaGVtYV92ZXJzaW9uIjoiNiJ9"
        }
      ]
    },
    {
      "mode": "managed",
      "type": "google_os_config_os_policy_assignment",
      "name": "primary",
      "provider": "provider[\"registry.terraform.io/hashicorp/google\"]",
      "instances": [
        {
          "schema_version": 0,
          "attributes": {
            "baseline": true,
            "deleted": false,
            "description": "A test os policy assignment",
            "etag": "a0582ad2-be4f-4551-b952-dc8a85d2cb77",
            "id": "projects/long-advice-346606/locations/us-east1-b/osPolicyAssignments/assignment",
            "instance_filter": [
              {
                "all": true,
                "exclusion_labels": [],
                "inclusion_labels": [],
                "inventories": []
              }
            ],
            "location": "us-east1-b",
            "name": "assignment",
            "os_policies": [
              {
                "allow_no_resource_group_match": false,
                "description": "",
                "id": "setup-repo-and-install-package-policy-final-2",
                "mode": "ENFORCEMENT",
                "resource_groups": [
                  {
                    "inventory_filters": [],
                    "resources": [
                      {
                        "exec": [],
                        "file": [],
                        "id": "install-pkg-node",
                        "pkg": [
                          {
                            "apt": [
                              {
                                "name": "nodejs"
                              }
                            ],
                            "deb": [],
                            "desired_state": "INSTALLED",
                            "googet": [],
                            "msi": [],
                            "rpm": [],
                            "yum": [],
                            "zypper": []
                          }
                        ],
                        "repository": []
                      }
                    ]
                  }
                ]
              },
              {
                "allow_no_resource_group_match": false,
                "description": "",
                "id": "setup-repo-and-install-package-policy-final-4",
                "mode": "ENFORCEMENT",
                "resource_groups": [
                  {
                    "inventory_filters": [],
                    "resources": [
                      {
                        "exec": [],
                        "file": [],
                        "id": "install-pkg-stack-driver",
                        "pkg": [
                          {
                            "apt": [
                              {
                                "name": "stackdriver-agent"
                              }
                            ],
                            "deb": [],
                            "desired_state": "INSTALLED",
                            "googet": [],
                            "msi": [],
                            "rpm": [],
                            "yum": [],
                            "zypper": []
                          }
                        ],
                        "repository": []
                      }
                    ]
                  }
                ]
              }
            ],
            "project": "long-advice-346606",
            "reconciling": false,
            "revision_create_time": "2022-05-03T03:10:33.483592Z",
            "revision_id": "aa7af24d-80dd-4cde-b229-dd4533dfa00b",
            "rollout": [
              {
                "disruption_budget": [
                  {
                    "fixed": 0,
                    "percent": 1
                  }
                ],
                "min_wait_duration": "3.5s"
              }
            ],
            "rollout_state": "SUCCEEDED",
            "timeouts": null,
            "uid": "578089f4-b72b-4cf2-8521-3d09b473bce7"
          },
          "sensitive_attributes": [],
          "private": "eyJlMmJmYjczMC1lY2FhLTExZTYtOGY4OC0zNDM2M2JjN2M0YzAiOnsiY3JlYXRlIjoxMjAwMDAwMDAwMDAwLCJkZWxldGUiOjEyMDAwMDAwMDAwMDAsInVwZGF0ZSI6MTIwMDAwMDAwMDAwMH19"
        }
      ]
    }
  ]
}
